
Microsoft Visual Studio Solution File, Format Version 12.00
# Visual Studio Version 17
VisualStudioVersion = 17.9.34701.34
MinimumVisualStudioVersion = 10.0.40219.1
Project("{FAE04EC0-301F-11D3-BF4B-00C04F79EFBC}") = "Master", "Scada\Master.csproj", "{B2D63C91-0CD3-4862-8878-EDC0A6BD3565}"
EndProject
Project("{FAE04EC0-301F-11D3-BF4B-00C04F79EFBC}") = "Common", "Common\Common.csproj", "{903C8049-239F-429B-8F2F-F1CD6D41F45D}"
EndProject
Project("{FAE04EC0-301F-11D3-BF4B-00C04F79EFBC}") = "Slave", "Slave\Slave.csproj", "{1971DA00-D2EC-4357-9632-EDD44CE120CB}"
EndProject
Global
	GlobalSection(SolutionConfigurationPlatforms) = preSolution
		Debug|Any CPU = Debug|Any CPU
		Release|Any CPU = Release|Any CPU
	EndGlobalSection
	GlobalSection(ProjectConfigurationPlatforms) = postSolution
		{B2D63C91-0CD3-4862-8878-EDC0A6BD3565}.Debug|Any CPU.ActiveCfg = Debug|Any CPU
		{B2D63C91-0CD3-4862-8878-EDC0A6BD3565}.Debug|Any CPU.Build.0 = Debug|Any CPU
		{B2D63C91-0CD3-4862-8878-EDC0A6BD3565}.Release|Any CPU.ActiveCfg = Release|Any CPU
		{B2D63C91-0CD3-4862-8878-EDC0A6BD3565}.Release|Any CPU.Build.0 = Release|Any CPU
		{903C8049-239F-429B-8F2F-F1CD6D41F45D}.Debug|Any CPU.ActiveCfg = Debug|Any CPU
		{903C8049-239F-429B-8F2F-F1CD6D41F45D}.Debug|Any CPU.Build.0 = Debug|Any CPU
		{903C8049-239F-429B-8F2F-F1CD6D41F45D}.Release|Any CPU.ActiveCfg = Release|Any CPU
		{903C8049-239F-429B-8F2F-F1CD6D41F45D}.Release|Any CPU.Build.0 = Release|Any CPU
		{1971DA00-D2EC-4357-9632-EDD44CE120CB}.Debug|Any CPU.ActiveCfg = Debug|Any CPU
		{1971DA00-D2EC-4357-9632-EDD44CE120CB}.Debug|Any CPU.Build.0 = Debug|Any CPU
		{1971DA00-D2EC-4357-9632-EDD44CE120CB}.Release|Any CPU.ActiveCfg = Release|Any CPU
		{1971DA00-D2EC-4357-9632-EDD44CE120CB}.Release|Any CPU.Build.0 = Release|Any CPU
	EndGlobalSection
	GlobalSection(SolutionProperties) = preSolution
		HideSolutionNode = FALSE
	EndGlobalSection
	GlobalSection(ExtensibilityGlobals) = postSolution
		SolutionGuid = {13CC0954-92F0-435A-ABD5-96980E0D667C}
	EndGlobalSection
EndGlobal
